
Microsoft Visual Studio Solution File, Format Version 12.00
# Visual Studio Version 17
VisualStudioVersion = 17.8.34330.188
MinimumVisualStudioVersion = 10.0.40219.1
Project("{9A19103F-16F7-4668-BE54-9A1E7A4F7556}") = "AssetTool", "AssetTool\AssetTool.csproj", "{CD6E6CFF-CB92-48E6-B34D-79CCFCF69668}"
EndProject
Project("{9A19103F-16F7-4668-BE54-9A1E7A4F7556}") = "AssetTool.Test", "AssetTool.Test\AssetTool.Test.csproj", "{5FD018B0-9528-4780-95FA-D60389770B00}"
EndProject
Global
	GlobalSection(SolutionConfigurationPlatforms) = preSolution
		Debug|Any CPU = Debug|Any CPU
		Release|Any CPU = Release|Any CPU
	EndGlobalSection
	GlobalSection(ProjectConfigurationPlatforms) = postSolution
		{CD6E6CFF-CB92-48E6-B34D-79CCFCF69668}.Debug|Any CPU.ActiveCfg = Debug|Any CPU
		{CD6E6CFF-CB92-48E6-B34D-79CCFCF69668}.Debug|Any CPU.Build.0 = Debug|Any CPU
		{CD6E6CFF-CB92-48E6-B34D-79CCFCF69668}.Release|Any CPU.ActiveCfg = Release|Any CPU
		{CD6E6CFF-CB92-48E6-B34D-79CCFCF69668}.Release|Any CPU.Build.0 = Release|Any CPU
		{5FD018B0-9528-4780-95FA-D60389770B00}.Debug|Any CPU.ActiveCfg = Debug|Any CPU
		{5FD018B0-9528-4780-95FA-D60389770B00}.Debug|Any CPU.Build.0 = Debug|Any CPU
		{5FD018B0-9528-4780-95FA-D60389770B00}.Release|Any CPU.ActiveCfg = Release|Any CPU
		{5FD018B0-9528-4780-95FA-D60389770B00}.Release|Any CPU.Build.0 = Release|Any CPU
	EndGlobalSection
	GlobalSection(SolutionProperties) = preSolution
		HideSolutionNode = FALSE
	EndGlobalSection
	GlobalSection(ExtensibilityGlobals) = postSolution
		SolutionGuid = {F872D243-3741-48EF-954B-73307EB181AA}
	EndGlobalSection
EndGlobal
